
Microsoft Visual Studio Solution File, Format Version 12.00
Project("{2150E333-8FDC-42A3-9474-1A3956D46DE8}") = "src", "src", "{F4B87CAF-6824-496F-9C8B-7543B6608F7E}"
EndProject
Project("{2150E333-8FDC-42A3-9474-1A3956D46DE8}") = "tests", "tests", "{4A0F7C4A-1A75-4894-ABCA-03F1ACFDDD06}"
EndProject
Project("{FAE04EC0-301F-11D3-BF4B-00C04F79EFBC}") = "HeroKit", "HeroKit\HeroKit.csproj", "{AA1BEDAB-2BB7-4088-A4D6-1BA868FE0D53}"
EndProject
Project("{FAE04EC0-301F-11D3-BF4B-00C04F79EFBC}") = "HeroKit.Tests", "HeroKit.Tests\HeroKit.Tests.csproj", "{9AE80F0E-9164-477D-AF33-D153D9FEAC76}"
EndProject
Global
	GlobalSection(SolutionConfigurationPlatforms) = preSolution
		Debug|Any CPU = Debug|Any CPU
		Release|Any CPU = Release|Any CPU
	EndGlobalSection
	GlobalSection(NestedProjects) = preSolution
		{AA1BEDAB-2BB7-4088-A4D6-1BA868FE0D53} = {F4B87CAF-6824-496F-9C8B-7543B6608F7E}
		{9AE80F0E-9164-477D-AF33-D153D9FEAC76} = {4A0F7C4A-1A75-4894-ABCA-03F1ACFDDD06}
	EndGlobalSection
	GlobalSection(ProjectConfigurationPlatforms) = postSolution
		{AA1BEDAB-2BB7-4088-A4D6-1BA868FE0D53}.Debug|Any CPU.ActiveCfg = Debug|Any CPU
		{AA1BEDAB-2BB7-4088-A4D6-1BA868FE0D53}.Debug|Any CPU.Build.0 = Debug|Any CPU
		{AA1BEDAB-2BB7-4088-A4D6-1BA868FE0D53}.Release|Any CPU.ActiveCfg = Release|Any CPU
		{AA1BEDAB-2BB7-4088-A4D6-1BA868FE0D53}.Release|Any CPU.Build.0 = Release|Any CPU
		{9AE80F0E-9164-477D-AF33-D153D9FEAC76}.Debug|Any CPU.ActiveCfg = Debug|Any CPU
		{9AE80F0E-9164-477D-AF33-D153D9FEAC76}.Debug|Any CPU.Build.0 = Debug|Any CPU
		{9AE80F0E-9164-477D-AF33-D153D9FEAC76}.Release|Any CPU.ActiveCfg = Release|Any CPU
		{9AE80F0E-9164-477D-AF33-D153D9FEAC76}.Release|Any CPU.Build.0 = Release|Any CPU
	EndGlobalSection
EndGlobal
